<?xml version="1.0" encoding="UTF-8" standalone="yes" ?>
<CodeBlocks_project_file>
	<FileVersion major="1" minor="6" />
	<Project>
		<Option title="VectorMath" />
		<Option pch_mode="2" />
		<Option compiler="gcc" />
		<Build>
			<Target title="Debug">
				<Option output="bin/Debug/VectorMath" prefix_auto="1" extension_auto="1" />
				<Option working_dir="" />
				<Option object_output="obj/Debug/" />
				<Option type="2" />
				<Option compiler="gcc" />
				<Option createDefFile="1" />
				<Compiler>
					<Add option="-Wall" />
					<Add option="-g" />
				</Compiler>
			</Target>
			<Target title="Release">
				<Option output="bin/Release/VectorMath" prefix_auto="1" extension_auto="1" />
				<Option working_dir="" />
				<Option object_output="obj/Release/" />
				<Option type="2" />
				<Option compiler="gcc" />
				<Option createDefFile="1" />
				<Compiler>
					<Add option="-Wall" />
					<Add option="-O2" />
				</Compiler>
				<Linker>
					<Add option="-s" />
				</Linker>
			</Target>
		</Build>
		<Compiler>
			<Add option="-std=c++11" />
			<Add directory="include" />
		</Compiler>
		<Unit filename="include/byte4.h" />
		<Unit filename="include/main.h" />
		<Unit filename="include/mat4.h" />
		<Unit filename="include/vec2.h" />
		<Unit filename="include/vec3.h" />
		<Unit filename="include/vec4.h" />
		<Unit filename="include/vector2.h" />
		<Unit filename="include/vector3.h" />
		<Unit filename="include/vector4.h" />
		<Unit filename="src/mat4.cpp" />
		<Unit filename="src/vec2.cpp" />
		<Unit filename="src/vec3.cpp" />
		<Unit filename="src/vec4.cpp" />
		<Extensions>
			<code_completion />
			<envvars />
			<debugger />
			<lib_finder disable_auto="1" />
		</Extensions>
	</Project>
</CodeBlocks_project_file>
